github.com/solsw/oshelper v0.3.0 h1:ep4ogFVx+pHxdyliEQDNSBeosOnKWmKwFBeLjjMMUmo=
github.com/solsw/oshelper v0.3.0/go.mod h1:ugrYngJMVYUv6YB8RfaemU0S7TvURhnO/xgs2Qouxi8=
github.com/solsw/semver v1.1.5 h1:KvJxIg1X4hMuR1SksE7OzNQj56j7ioiSMNrdgK6nhCM=
github.com/solsw/semver v1.1.5/go.mod h1:IuxrzW30q9PAvTCH9Wp50N0n1y4ZjXbK5hoAfY3nHhQ=
